
Microsoft Visual Studio Solution File, Format Version 12.00
# Visual Studio Version 16
VisualStudioVersion = 16.0.31105.61
MinimumVisualStudioVersion = 10.0.40219.1
Project("{2150E333-8FDC-42A3-9474-1A3956D46DE8}") = "src", "src", "{279B107C-F387-4CD6-9FBF-462EA8FFB893}"
	ProjectSection(SolutionItems) = preProject
		README.md = README.md
	EndProjectSection
EndProject
Project("{9A19103F-16F7-4668-BE54-9A1E7A4F7556}") = "Domain", "Domain\Domain.csproj", "{3F0F86AF-39C9-4E11-A2FA-0553DC32316E}"
EndProject
Project("{9A19103F-16F7-4668-BE54-9A1E7A4F7556}") = "Application", "Application\Application.csproj", "{DC9B9CE2-A5CB-417E-9BEA-0B6E3C2B43E2}"
EndProject
Project("{9A19103F-16F7-4668-BE54-9A1E7A4F7556}") = "Infrastructure", "Infrastructure\Infrastructure.csproj", "{F7B99C59-C137-48B1-BB47-D0AB31AB560A}"
EndProject
Project("{9A19103F-16F7-4668-BE54-9A1E7A4F7556}") = "WebAPI", "WebAPI\WebAPI.csproj", "{EBE7378E-8997-4FC0-91AE-EAB88BFEE81B}"
EndProject
Project("{2150E333-8FDC-42A3-9474-1A3956D46DE8}") = "Docs", "Docs", "{B7218059-9B0E-4905-B26B-9297EC358B99}"
EndProject
Global
	GlobalSection(SolutionConfigurationPlatforms) = preSolution
		Debug|Any CPU = Debug|Any CPU
		Release|Any CPU = Release|Any CPU
	EndGlobalSection
	GlobalSection(ProjectConfigurationPlatforms) = postSolution
		{3F0F86AF-39C9-4E11-A2FA-0553DC32316E}.Debug|Any CPU.ActiveCfg = Debug|Any CPU
		{3F0F86AF-39C9-4E11-A2FA-0553DC32316E}.Debug|Any CPU.Build.0 = Debug|Any CPU
		{3F0F86AF-39C9-4E11-A2FA-0553DC32316E}.Release|Any CPU.ActiveCfg = Release|Any CPU
		{3F0F86AF-39C9-4E11-A2FA-0553DC32316E}.Release|Any CPU.Build.0 = Release|Any CPU
		{DC9B9CE2-A5CB-417E-9BEA-0B6E3C2B43E2}.Debug|Any CPU.ActiveCfg = Debug|Any CPU
		{DC9B9CE2-A5CB-417E-9BEA-0B6E3C2B43E2}.Debug|Any CPU.Build.0 = Debug|Any CPU
		{DC9B9CE2-A5CB-417E-9BEA-0B6E3C2B43E2}.Release|Any CPU.ActiveCfg = Release|Any CPU
		{DC9B9CE2-A5CB-417E-9BEA-0B6E3C2B43E2}.Release|Any CPU.Build.0 = Release|Any CPU
		{F7B99C59-C137-48B1-BB47-D0AB31AB560A}.Debug|Any CPU.ActiveCfg = Debug|Any CPU
		{F7B99C59-C137-48B1-BB47-D0AB31AB560A}.Debug|Any CPU.Build.0 = Debug|Any CPU
		{F7B99C59-C137-48B1-BB47-D0AB31AB560A}.Release|Any CPU.ActiveCfg = Release|Any CPU
		{F7B99C59-C137-48B1-BB47-D0AB31AB560A}.Release|Any CPU.Build.0 = Release|Any CPU
		{EBE7378E-8997-4FC0-91AE-EAB88BFEE81B}.Debug|Any CPU.ActiveCfg = Debug|Any CPU
		{EBE7378E-8997-4FC0-91AE-EAB88BFEE81B}.Debug|Any CPU.Build.0 = Debug|Any CPU
		{EBE7378E-8997-4FC0-91AE-EAB88BFEE81B}.Release|Any CPU.ActiveCfg = Release|Any CPU
		{EBE7378E-8997-4FC0-91AE-EAB88BFEE81B}.Release|Any CPU.Build.0 = Release|Any CPU
	EndGlobalSection
	GlobalSection(SolutionProperties) = preSolution
		HideSolutionNode = FALSE
	EndGlobalSection
	GlobalSection(NestedProjects) = preSolution
		{3F0F86AF-39C9-4E11-A2FA-0553DC32316E} = {279B107C-F387-4CD6-9FBF-462EA8FFB893}
		{DC9B9CE2-A5CB-417E-9BEA-0B6E3C2B43E2} = {279B107C-F387-4CD6-9FBF-462EA8FFB893}
		{F7B99C59-C137-48B1-BB47-D0AB31AB560A} = {279B107C-F387-4CD6-9FBF-462EA8FFB893}
		{EBE7378E-8997-4FC0-91AE-EAB88BFEE81B} = {279B107C-F387-4CD6-9FBF-462EA8FFB893}
		{B7218059-9B0E-4905-B26B-9297EC358B99} = {279B107C-F387-4CD6-9FBF-462EA8FFB893}
	EndGlobalSection
	GlobalSection(ExtensibilityGlobals) = postSolution
		SolutionGuid = {301C2E9B-351A-454B-8E50-8A2C37552EED}
	EndGlobalSection
EndGlobal
